schema: '2.0'
stages:
  build_corpus:
    cmd: python -m src.ingestion.build_corpus --pdf "data/raw/القانون المدني 
      المصري.pdf" --out data/processed/egyptian_civil_code.json
    deps:
    - path: data/raw/القانون المدني المصري.pdf
      hash: md5
      md5: 5086ef5f16f15d856278db943e58e948
      size: 2599703
    - path: src/ingestion/build_corpus.py
      hash: md5
      md5: c807961ed14b3802057c1957f1243910
      size: 6038
    outs:
    - path: data/processed/egyptian_civil_code.json
      hash: md5
      md5: 5d1352d189ca7083d3bf3aebd5ecfcde
      size: 1179649
  chunking:
    cmd: python -m src.rag.chunking
    deps:
    - path: data/processed/egyptian_civil_code.json
      hash: md5
      md5: 5d1352d189ca7083d3bf3aebd5ecfcde
      size: 1179649
    - path: src/rag/chunking.py
      hash: md5
      md5: 7b453690cc1336ecbe0bb1a163864376
      size: 4592
    params:
      params.yaml:
        chunking.chunk_size: 1536
        chunking.overlap: 0
        embedding_model: BAAI/bge-m3
        mlflow.experiment_name: egyptian-legal-rag-project2
        mlflow.tracking_uri: sqlite:///mlflow.db
        processed_data_path: data/processed/chunks_article_aware.json
        raw_data_path: data/processed/egyptian_civil_code.json
    outs:
    - path: data/processed/chunks_article_aware.json
      hash: md5
      md5: a33b19afe67574b5edcde106f4983517
      size: 1813468
  indexing:
    cmd: python -m src.rag.indexing
    deps:
    - path: data/processed/chunks_article_aware.json
      hash: md5
      md5: a33b19afe67574b5edcde106f4983517
      size: 1813468
    - path: src/rag/indexing.py
      hash: md5
      md5: b904037d2ab5a95137259f4b8e2fa329
      size: 1652
    params:
      params.yaml:
        embedding_model: BAAI/bge-m3
        qdrant.collection_name: egyptian_civil_code
        qdrant.path: ./qdrant_storage
    outs:
    - path: qdrant_storage
      hash: md5
      md5: 52a9fd15a252bd57c7d96e00bdd6c558.dir
      size: 12833334
      nfiles: 3
